# This file is autogenerated, do not edit; changes may be undone by the next 'dep ensure'.


[[projects]]
  name = "github.com/aymerick/raymond"
  packages = [
    ".",
    "ast",
    "lexer",
    "parser"
  ]
  revision = "2eebd0f5dd9564c0c6e439df11d8a3c7b9b9ab11"
  version = "v2.0.2"

[[projects]]
  branch = "master"
  name = "github.com/drone/drone-template-lib"
  packages = ["template"]
  revision = "5748d3149f4859c6d6cf43edb4fa35bba379c918"

[[projects]]
  name = "github.com/pkg/errors"
  packages = ["."]
  revision = "645ef00459ed84a119197bfb8d8205042c6df63d"
  version = "v0.8.0"

[[projects]]
  name = "github.com/urfave/cli"
  packages = ["."]
  revision = "cfb38830724cc34fedffe9a2a29fb54fa9169cd1"
  version = "v1.20.0"

[solve-meta]
  analyzer-name = "dep"
  analyzer-version = 1
  inputs-digest = "2f1e60cee9e7125c15754093974fd20cd1b6e9ac4d8b6a33a0364477f96461f7"
  solver-name = "gps-cdcl"
  solver-version = 1
