# This file is autogenerated, do not edit; changes may be undone by the next 'dep ensure'.


[[projects]]
  name = "github.com/aymerick/raymond"
  packages = [
    ".",
    "ast",
    "lexer",
    "parser"
  ]
  revision = "a2232af10b53ef1ae5a767f5178db3a6c1dab655"
  version = "v2.0.1"

[[projects]]
  name = "github.com/urfave/cli"
  packages = ["."]
  revision = "cfb38830724cc34fedffe9a2a29fb54fa9169cd1"
  version = "v1.20.0"

[solve-meta]
  analyzer-name = "dep"
  analyzer-version = 1
  inputs-digest = "f0f9f5cbe5ccddecfff2301c3783e001bde86bec1082c3026fda1ec005c18af5"
  solver-name = "gps-cdcl"
  solver-version = 1
